
Microsoft Visual Studio Solution File, Format Version 12.00
# Visual Studio Version 17
VisualStudioVersion = 17.12.35707.178
MinimumVisualStudioVersion = 10.0.40219.1
Project("{FAE04EC0-301F-11D3-BF4B-00C04F79EFBC}") = "MessageWorkerPool.Benchmarks", "MessageWorkerPool.Benchmarks\MessageWorkerPool.Benchmarks.csproj", "{EF2CC766-568A-479D-9C0D-FC6DA69653AA}"
EndProject
Project("{FAE04EC0-301F-11D3-BF4B-00C04F79EFBC}") = "MessageWorkerPool", "..\..\src\MessageWorkerPool\MessageWorkerPool.csproj", "{971ABAEE-ED1D-49B1-97DB-93A427497916}"
EndProject
Global
	GlobalSection(SolutionConfigurationPlatforms) = preSolution
		Debug|Any CPU = Debug|Any CPU
		Release|Any CPU = Release|Any CPU
	EndGlobalSection
	GlobalSection(ProjectConfigurationPlatforms) = postSolution
		{EF2CC766-568A-479D-9C0D-FC6DA69653AA}.Debug|Any CPU.ActiveCfg = Debug|Any CPU
		{EF2CC766-568A-479D-9C0D-FC6DA69653AA}.Debug|Any CPU.Build.0 = Debug|Any CPU
		{EF2CC766-568A-479D-9C0D-FC6DA69653AA}.Release|Any CPU.ActiveCfg = Release|Any CPU
		{EF2CC766-568A-479D-9C0D-FC6DA69653AA}.Release|Any CPU.Build.0 = Release|Any CPU
		{971ABAEE-ED1D-49B1-97DB-93A427497916}.Debug|Any CPU.ActiveCfg = Debug|Any CPU
		{971ABAEE-ED1D-49B1-97DB-93A427497916}.Debug|Any CPU.Build.0 = Debug|Any CPU
		{971ABAEE-ED1D-49B1-97DB-93A427497916}.Release|Any CPU.ActiveCfg = Release|Any CPU
		{971ABAEE-ED1D-49B1-97DB-93A427497916}.Release|Any CPU.Build.0 = Release|Any CPU
	EndGlobalSection
	GlobalSection(SolutionProperties) = preSolution
		HideSolutionNode = FALSE
	EndGlobalSection
EndGlobal
